
Microsoft Visual Studio Solution File, Format Version 12.00
# Visual Studio 2012
Project("{FAE04EC0-301F-11D3-BF4B-00C04F79EFBC}") = "WebCrawler.Core", "WebCrawler.Core\WebCrawler.Core.csproj", "{C07D846C-588F-4A56-9AF5-3E5B9BAAB1BD}"
EndProject
Project("{FAE04EC0-301F-11D3-BF4B-00C04F79EFBC}") = "WebCrawler.Website", "WebCrawler.Website\WebCrawler.Website.csproj", "{57A455DE-00BA-41CB-8F16-441FB0DBF5F0}"
EndProject
Global
	GlobalSection(SolutionConfigurationPlatforms) = preSolution
		Debug|Any CPU = Debug|Any CPU
		Release|Any CPU = Release|Any CPU
	EndGlobalSection
	GlobalSection(ProjectConfigurationPlatforms) = postSolution
		{C07D846C-588F-4A56-9AF5-3E5B9BAAB1BD}.Debug|Any CPU.ActiveCfg = Debug|Any CPU
		{C07D846C-588F-4A56-9AF5-3E5B9BAAB1BD}.Debug|Any CPU.Build.0 = Debug|Any CPU
		{C07D846C-588F-4A56-9AF5-3E5B9BAAB1BD}.Release|Any CPU.ActiveCfg = Release|Any CPU
		{C07D846C-588F-4A56-9AF5-3E5B9BAAB1BD}.Release|Any CPU.Build.0 = Release|Any CPU
		{57A455DE-00BA-41CB-8F16-441FB0DBF5F0}.Debug|Any CPU.ActiveCfg = Debug|Any CPU
		{57A455DE-00BA-41CB-8F16-441FB0DBF5F0}.Debug|Any CPU.Build.0 = Debug|Any CPU
		{57A455DE-00BA-41CB-8F16-441FB0DBF5F0}.Release|Any CPU.ActiveCfg = Release|Any CPU
		{57A455DE-00BA-41CB-8F16-441FB0DBF5F0}.Release|Any CPU.Build.0 = Release|Any CPU
	EndGlobalSection
	GlobalSection(SolutionProperties) = preSolution
		HideSolutionNode = FALSE
	EndGlobalSection
EndGlobal
